
Microsoft Visual Studio Solution File, Format Version 12.00
# Visual Studio Version 17
VisualStudioVersion = 17.10.34928.147
MinimumVisualStudioVersion = 10.0.40219.1
Project("{2150E333-8FDC-42A3-9474-1A3956D46DE8}") = "Src", "Src", "{B4CDE3CC-DF46-4DD4-AA76-D0212E046099}"
EndProject
Project("{FAE04EC0-301F-11D3-BF4B-00C04F79EFBC}") = "WEB", "WEB\WEB.csproj", "{2D1D9363-7F29-4CD8-8882-E0846587ADBB}"
EndProject
Project("{FAE04EC0-301F-11D3-BF4B-00C04F79EFBC}") = "Domain", "Domain\Domain.csproj", "{9F7B76B3-9521-4E23-BEF7-4D584E72FBAC}"
EndProject
Global
	GlobalSection(SolutionConfigurationPlatforms) = preSolution
		Debug|Any CPU = Debug|Any CPU
		Release|Any CPU = Release|Any CPU
	EndGlobalSection
	GlobalSection(ProjectConfigurationPlatforms) = postSolution
		{2D1D9363-7F29-4CD8-8882-E0846587ADBB}.Debug|Any CPU.ActiveCfg = Debug|Any CPU
		{2D1D9363-7F29-4CD8-8882-E0846587ADBB}.Debug|Any CPU.Build.0 = Debug|Any CPU
		{2D1D9363-7F29-4CD8-8882-E0846587ADBB}.Release|Any CPU.ActiveCfg = Release|Any CPU
		{2D1D9363-7F29-4CD8-8882-E0846587ADBB}.Release|Any CPU.Build.0 = Release|Any CPU
		{9F7B76B3-9521-4E23-BEF7-4D584E72FBAC}.Debug|Any CPU.ActiveCfg = Debug|Any CPU
		{9F7B76B3-9521-4E23-BEF7-4D584E72FBAC}.Debug|Any CPU.Build.0 = Debug|Any CPU
		{9F7B76B3-9521-4E23-BEF7-4D584E72FBAC}.Release|Any CPU.ActiveCfg = Release|Any CPU
		{9F7B76B3-9521-4E23-BEF7-4D584E72FBAC}.Release|Any CPU.Build.0 = Release|Any CPU
	EndGlobalSection
	GlobalSection(SolutionProperties) = preSolution
		HideSolutionNode = FALSE
	EndGlobalSection
	GlobalSection(NestedProjects) = preSolution
		{2D1D9363-7F29-4CD8-8882-E0846587ADBB} = {B4CDE3CC-DF46-4DD4-AA76-D0212E046099}
		{9F7B76B3-9521-4E23-BEF7-4D584E72FBAC} = {B4CDE3CC-DF46-4DD4-AA76-D0212E046099}
	EndGlobalSection
	GlobalSection(ExtensibilityGlobals) = postSolution
		SolutionGuid = {FCA34CDD-DA66-4CAC-AD91-1F133627829B}
	EndGlobalSection
EndGlobal
